<?xml version="1.0" encoding="utf-8"?>
<Project ToolsVersion="4.0" xmlns="http://schemas.microsoft.com/developer/msbuild/2003">
  <ItemGroup>
    <Filter Include="Source">
      <UniqueIdentifier>{4FC737F1-C7A5-4376-A066-2A32D752A2FF}</UniqueIdentifier>
      <Extensions>cpp;c;cc;cxx;c++;cppm;ixx;def;odl;idl;hpj;bat;asm;asmx</Extensions>
    </Filter>
    <Filter Include="Header">
      <UniqueIdentifier>{93995380-89BD-4b04-88EB-625FBE52EBFB}</UniqueIdentifier>
      <Extensions>h;hh;hpp;hxx;h++;hm;inl;inc;ipp;xsd</Extensions>
    </Filter>
    <Filter Include="Header\Console">
      <UniqueIdentifier>{cb6a8621-bf87-4105-8f5d-c488f7fb4e98}</UniqueIdentifier>
    </Filter>
    <Filter Include="Source\Console">
      <UniqueIdentifier>{fc4caccb-cf7b-4d20-b2c6-a68308d134a6}</UniqueIdentifier>
    </Filter>
    <Filter Include="Source\Rhyme">
      <UniqueIdentifier>{41ef14c4-94dd-4012-ab4e-0a7cd16c4faf}</UniqueIdentifier>
    </Filter>
    <Filter Include="Header\Rhyme">
      <UniqueIdentifier>{693df637-70ab-4249-9735-5d34ba187e1b}</UniqueIdentifier>
    </Filter>
  </ItemGroup>
  <ItemGroup>
    <ClCompile Include="Source.cpp">
      <Filter>Source</Filter>
    </ClCompile>
    <ClCompile Include="Application.cpp">
      <Filter>Source</Filter>
    </ClCompile>
    <ClCompile Include="Ent.cpp">
      <Filter>Source\Rhyme</Filter>
    </ClCompile>
  </ItemGroup>
  <ItemGroup>
    <ClInclude Include="Source.hpp">
      <Filter>Header</Filter>
    </ClInclude>
    <ClInclude Include="Debug.hpp">
      <Filter>Header</Filter>
    </ClInclude>
    <ClInclude Include="Colors.hpp">
      <Filter>Header\Console</Filter>
    </ClInclude>
    <ClInclude Include="Application.hpp">
      <Filter>Header</Filter>
    </ClInclude>
    <ClInclude Include="Ent.hpp">
      <Filter>Header\Rhyme</Filter>
    </ClInclude>
    <ClInclude Include="Keys.hpp">
      <Filter>Header\Console</Filter>
    </ClInclude>
  </ItemGroup>
  <ItemGroup>
    <None Include="README.md" />
  </ItemGroup>
</Project>